
Microsoft Visual Studio Solution File, Format Version 12.00
# Visual Studio 15
VisualStudioVersion = 15.0.28307.572
MinimumVisualStudioVersion = 10.0.40219.1
Project("{FAE04EC0-301F-11D3-BF4B-00C04F79EFBC}") = "SpaceFlight", "SpaceFlight\SpaceFlight.csproj", "{DB9FBB22-3CB7-4826-B24A-63213AE24807}"
EndProject
Project("{FAE04EC0-301F-11D3-BF4B-00C04F79EFBC}") = "PhysicsTests", "PhysicsTests\PhysicsTests.csproj", "{60CDEB89-187E-433B-8746-364CA1F39E7F}"
EndProject
Global
	GlobalSection(SolutionConfigurationPlatforms) = preSolution
		Debug|Any CPU = Debug|Any CPU
		Release|Any CPU = Release|Any CPU
	EndGlobalSection
	GlobalSection(ProjectConfigurationPlatforms) = postSolution
		{DB9FBB22-3CB7-4826-B24A-63213AE24807}.Debug|Any CPU.ActiveCfg = Debug|Any CPU
		{DB9FBB22-3CB7-4826-B24A-63213AE24807}.Debug|Any CPU.Build.0 = Debug|Any CPU
		{DB9FBB22-3CB7-4826-B24A-63213AE24807}.Release|Any CPU.ActiveCfg = Release|Any CPU
		{DB9FBB22-3CB7-4826-B24A-63213AE24807}.Release|Any CPU.Build.0 = Release|Any CPU
		{60CDEB89-187E-433B-8746-364CA1F39E7F}.Debug|Any CPU.ActiveCfg = Debug|Any CPU
		{60CDEB89-187E-433B-8746-364CA1F39E7F}.Debug|Any CPU.Build.0 = Debug|Any CPU
		{60CDEB89-187E-433B-8746-364CA1F39E7F}.Release|Any CPU.ActiveCfg = Release|Any CPU
		{60CDEB89-187E-433B-8746-364CA1F39E7F}.Release|Any CPU.Build.0 = Release|Any CPU
	EndGlobalSection
	GlobalSection(SolutionProperties) = preSolution
		HideSolutionNode = FALSE
	EndGlobalSection
	GlobalSection(ExtensibilityGlobals) = postSolution
		SolutionGuid = {3A1C3E9F-7628-480D-AE71-1D80346FD18F}
	EndGlobalSection
EndGlobal
